// !$*UTF8*$!
{
	archiveVersion = 1;
	classes = {
	};
	objectVersion = 50;
	objects = {

/* Begin PBXBuildFile section */
		D9414B3C2597AC1D003F2EDD /* AppDelegate.swift in Sources */ = {isa = PBXBuildFile; fileRef = D9414B3B2597AC1D003F2EDD /* AppDelegate.swift */; };
		D9414B3E2597AC1D003F2EDD /* SceneDelegate.swift in Sources */ = {isa = PBXBuildFile; fileRef = D9414B3D2597AC1D003F2EDD /* SceneDelegate.swift */; };
		D9414B402597AC1D003F2EDD /* ViewController.swift in Sources */ = {isa = PBXBuildFile; fileRef = D9414B3F2597AC1D003F2EDD /* ViewController.swift */; };
		D9414B432597AC1D003F2EDD /* Main.storyboard in Resources */ = {isa = PBXBuildFile; fileRef = D9414B412597AC1D003F2EDD /* Main.storyboard */; };
		D9414B452597AC22003F2EDD /* Assets.xcassets in Resources */ = {isa = PBXBuildFile; fileRef = D9414B442597AC22003F2EDD /* Assets.xcassets */; };
		D9414B482597AC22003F2EDD /* LaunchScreen.storyboard in Resources */ = {isa = PBXBuildFile; fileRef = D9414B462597AC22003F2EDD /* LaunchScreen.storyboard */; };
		FC78076A4074062DDFCBAA01 /* Pods_SQLite_Demo.framework in Frameworks */ = {isa = PBXBuildFile; fileRef = 1D465C043A9FD45DB77492EC /* Pods_SQLite_Demo.framework */; };
/* End PBXBuildFile section */

/* Begin PBXFileReference section */
		0B52F0CED2F63028517C31AC /* Pods-SQLite Demo.release.xcconfig */ = {isa = PBXFileReference; includeInIndex = 1; lastKnownFileType = text.xcconfig; name = "Pods-SQLite Demo.release.xcconfig"; path = "Target Support Files/Pods-SQLite Demo/Pods-SQLite Demo.release.xcconfig"; sourceTree = "<group>"; };
		1D465C043A9FD45DB77492EC /* Pods_SQLite_Demo.framework */ = {isa = PBXFileReference; explicitFileType = wrapper.framework; includeInIndex = 0; path = Pods_SQLite_Demo.framework; sourceTree = BUILT_PRODUCTS_DIR; };
		A613486ED50B8E262FD23661 /* Pods-SQLite Demo.debug.xcconfig */ = {isa = PBXFileReference; includeInIndex = 1; lastKnownFileType = text.xcconfig; name = "Pods-SQLite Demo.debug.xcconfig"; path = "Target Support Files/Pods-SQLite Demo/Pods-SQLite Demo.debug.xcconfig"; sourceTree = "<group>"; };
		D9414B382597AC1D003F2EDD /* SQLite Demo.app */ = {isa = PBXFileReference; explicitFileType = wrapper.application; includeInIndex = 0; path = "SQLite Demo.app"; sourceTree = BUILT_PRODUCTS_DIR; };
		D9414B3B2597AC1D003F2EDD /* AppDelegate.swift */ = {isa = PBXFileReference; lastKnownFileType = sourcecode.swift; path = AppDelegate.swift; sourceTree = "<group>"; };
		D9414B3D2597AC1D003F2EDD /* SceneDelegate.swift */ = {isa = PBXFileReference; lastKnownFileType = sourcecode.swift; path = SceneDelegate.swift; sourceTree = "<group>"; };
		D9414B3F2597AC1D003F2EDD /* ViewController.swift */ = {isa = PBXFileReference; lastKnownFileType = sourcecode.swift; path = ViewController.swift; sourceTree = "<group>"; };
		D9414B422597AC1D003F2EDD /* Base */ = {isa = PBXFileReference; lastKnownFileType = file.storyboard; name = Base; path = Base.lproj/Main.storyboard; sourceTree = "<group>"; };
		D9414B442597AC22003F2EDD /* Assets.xcassets */ = {isa = PBXFileReference; lastKnownFileType = folder.assetcatalog; path = Assets.xcassets; sourceTree = "<group>"; };
		D9414B472597AC22003F2EDD /* Base */ = {isa = PBXFileReference; lastKnownFileType = file.storyboard; name = Base; path = Base.lproj/LaunchScreen.storyboard; sourceTree = "<group>"; };
		D9414B492597AC22003F2EDD /* Info.plist */ = {isa = PBXFileReference; lastKnownFileType = text.plist.xml; path = Info.plist; sourceTree = "<group>"; };
/* End PBXFileReference section */

/* Begin PBXFrameworksBuildPhase section */
		D9414B352597AC1D003F2EDD /* Frameworks */ = {
			isa = PBXFrameworksBuildPhase;
			buildActionMask = 2147483647;
			files = (
				FC78076A4074062DDFCBAA01 /* Pods_SQLite_Demo.framework in Frameworks */,
			);
			runOnlyForDeploymentPostprocessing = 0;
		};
/* End PBXFrameworksBuildPhase section */

/* Begin PBXGroup section */
		3DFF31DF343D5AFD574A1225 /* Pods */ = {
			isa = PBXGroup;
			children = (
				A613486ED50B8E262FD23661 /* Pods-SQLite Demo.debug.xcconfig */,
				0B52F0CED2F63028517C31AC /* Pods-SQLite Demo.release.xcconfig */,
			);
			name = Pods;
			path = Pods;
			sourceTree = "<group>";
		};
		5E8C0B477AC2CF48008A12F2 /* Frameworks */ = {
			isa = PBXGroup;
			children = (
				1D465C043A9FD45DB77492EC /* Pods_SQLite_Demo.framework */,
			);
			name = Frameworks;
			sourceTree = "<group>";
		};
		D9414B2F2597AC1D003F2EDD = {
			isa = PBXGroup;
			children = (
				D9414B3A2597AC1D003F2EDD /* SQLite Demo */,
				D9414B392597AC1D003F2EDD /* Products */,
				3DFF31DF343D5AFD574A1225 /* Pods */,
				5E8C0B477AC2CF48008A12F2 /* Frameworks */,
			);
			sourceTree = "<group>";
		};
		D9414B392597AC1D003F2EDD /* Products */ = {
			isa = PBXGroup;
			children = (
				D9414B382597AC1D003F2EDD /* SQLite Demo.app */,
			);
			name = Products;
			sourceTree = "<group>";
		};
		D9414B3A2597AC1D003F2EDD /* SQLite Demo */ = {
			isa = PBXGroup;
			children = (
				D9414B3B2597AC1D003F2EDD /* AppDelegate.swift */,
				D9414B3D2597AC1D003F2EDD /* SceneDelegate.swift */,
				D9414B3F2597AC1D003F2EDD /* ViewController.swift */,
				D9414B412597AC1D003F2EDD /* Main.storyboard */,
				D9414B442597AC22003F2EDD /* Assets.xcassets */,
				D9414B462597AC22003F2EDD /* LaunchScreen.storyboard */,
				D9414B492597AC22003F2EDD /* Info.plist */,
			);
			path = "SQLite Demo";
			sourceTree = "<group>";
		};
/* End PBXGroup section */

/* Begin PBXNativeTarget section */
		D9414B372597AC1D003F2EDD /* SQLite Demo */ = {
			isa = PBXNativeTarget;
			buildConfigurationList = D9414B4C2597AC22003F2EDD /* Build configuration list for PBXNativeTarget "SQLite Demo" */;
			buildPhases = (
				12D8DB2F24E0A6A4FC98618B /* [CP] Check Pods Manifest.lock */,
				D9414B342597AC1D003F2EDD /* Sources */,
				D9414B352597AC1D003F2EDD /* Frameworks */,
				D9414B362597AC1D003F2EDD /* Resources */,
				6699536E59AFC47F6A9281BF /* [CP] Embed Pods Frameworks */,
			);
			buildRules = (
			);
			dependencies = (
			);
			name = "SQLite Demo";
			productName = "SQLite Demo";
			productReference = D9414B382597AC1D003F2EDD /* SQLite Demo.app */;
			productType = "com.apple.product-type.application";
		};
/* End PBXNativeTarget section */

/* Begin PBXProject section */
		D9414B302597AC1D003F2EDD /* Project object */ = {
			isa = PBXProject;
			attributes = {
				LastSwiftUpdateCheck = 1110;
				LastUpgradeCheck = 1110;
				ORGANIZATIONNAME = Refa3y;
				TargetAttributes = {
					D9414B372597AC1D003F2EDD = {
						CreatedOnToolsVersion = 11.1;
					};
				};
			};
			buildConfigurationList = D9414B332597AC1D003F2EDD /* Build configuration list for PBXProject "SQLite Demo" */;
			compatibilityVersion = "Xcode 9.3";
			developmentRegion = en;
			hasScannedForEncodings = 0;
			knownRegions = (
				en,
				Base,
			);
			mainGroup = D9414B2F2597AC1D003F2EDD;
			productRefGroup = D9414B392597AC1D003F2EDD /* Products */;
			projectDirPath = "";
			projectRoot = "";
			targets = (
				D9414B372597AC1D003F2EDD /* SQLite Demo */,
			);
		};
/* End PBXProject section */

/* Begin PBXResourcesBuildPhase section */
		D9414B362597AC1D003F2EDD /* Resources */ = {
			isa = PBXResourcesBuildPhase;
			buildActionMask = 2147483647;
			files = (
				D9414B482597AC22003F2EDD /* LaunchScreen.storyboard in Resources */,
				D9414B452597AC22003F2EDD /* Assets.xcassets in Resources */,
				D9414B432597AC1D003F2EDD /* Main.storyboard in Resources */,
			);
			runOnlyForDeploymentPostprocessing = 0;
		};
/* End PBXResourcesBuildPhase section */

/* Begin PBXShellScriptBuildPhase section */
		12D8DB2F24E0A6A4FC98618B /* [CP] Check Pods Manifest.lock */ = {
			isa = PBXShellScriptBuildPhase;
			buildActionMask = 2147483647;
			files = (
			);
			inputFileListPaths = (
			);
			inputPaths = (
				"${PODS_PODFILE_DIR_PATH}/Podfile.lock",
				"${PODS_ROOT}/Manifest.lock",
			);
			name = "[CP] Check Pods Manifest.lock";
			outputFileListPaths = (
			);
			outputPaths = (
				"$(DERIVED_FILE_DIR)/Pods-SQLite Demo-checkManifestLockResult.txt",
			);
			runOnlyForDeploymentPostprocessing = 0;
			shellPath = /bin/sh;
			shellScript = "diff \"${PODS_PODFILE_DIR_PATH}/Podfile.lock\" \"${PODS_ROOT}/Manifest.lock\" > /dev/null\nif [ $? != 0 ] ; then\n    # print error to STDERR\n    echo \"error: The sandbox is not in sync with the Podfile.lock. Run 'pod install' or update your CocoaPods installation.\" >&2\n    exit 1\nfi\n# This output is used by Xcode 'outputs' to avoid re-running this script phase.\necho \"SUCCESS\" > \"${SCRIPT_OUTPUT_FILE_0}\"\n";
			showEnvVarsInLog = 0;
		};
		6699536E59AFC47F6A9281BF /* [CP] Embed Pods Frameworks */ = {
			isa = PBXShellScriptBuildPhase;
			buildActionMask = 2147483647;
			files = (
			);
			inputFileListPaths = (
				"${PODS_ROOT}/Target Support Files/Pods-SQLite Demo/Pods-SQLite Demo-frameworks-${CONFIGURATION}-input-files.xcfilelist",
			);
			name = "[CP] Embed Pods Frameworks";
			outputFileListPaths = (
				"${PODS_ROOT}/Target Support Files/Pods-SQLite Demo/Pods-SQLite Demo-frameworks-${CONFIGURATION}-output-files.xcfilelist",
			);
			runOnlyForDeploymentPostprocessing = 0;
			shellPath = /bin/sh;
			shellScript = "\"${PODS_ROOT}/Target Support Files/Pods-SQLite Demo/Pods-SQLite Demo-frameworks.sh\"\n";
			showEnvVarsInLog = 0;
		};
/* End PBXShellScriptBuildPhase section */

/* Begin PBXSourcesBuildPhase section */
		D9414B342597AC1D003F2EDD /* Sources */ = {
			isa = PBXSourcesBuildPhase;
			buildActionMask = 2147483647;
			files = (
				D9414B402597AC1D003F2EDD /* ViewController.swift in Sources */,
				D9414B3C2597AC1D003F2EDD /* AppDelegate.swift in Sources */,
				D9414B3E2597AC1D003F2EDD /* SceneDelegate.swift in Sources */,
			);
			runOnlyForDeploymentPostprocessing = 0;
		};
/* End PBXSourcesBuildPhase section */

/* Begin PBXVariantGroup section */
		D9414B412597AC1D003F2EDD /* Main.storyboard */ = {
			isa = PBXVariantGroup;
			children = (
				D9414B422597AC1D003F2EDD /* Base */,
			);
			name = Main.storyboard;
			sourceTree = "<group>";
		};
		D9414B462597AC22003F2EDD /* LaunchScreen.storyboard */ = {
			isa = PBXVariantGroup;
			children = (
				D9414B472597AC22003F2EDD /* Base */,
			);
			name = LaunchScreen.storyboard;
			sourceTree = "<group>";
		};
/* End PBXVariantGroup section */

/* Begin XCBuildConfiguration section */
		D9414B4A2597AC22003F2EDD /* Debug */ = {
			isa = XCBuildConfiguration;
			buildSettings = {
				ALWAYS_SEARCH_USER_PATHS = NO;
				CLANG_ANALYZER_NONNULL = YES;
				CLANG_ANALYZER_NUMBER_OBJECT_CONVERSION = YES_AGGRESSIVE;
				CLANG_CXX_LANGUAGE_STANDARD = "gnu++14";
				CLANG_CXX_LIBRARY = "libc++";
				CLANG_ENABLE_MODULES = YES;
				CLANG_ENABLE_OBJC_ARC = YES;
				CLANG_ENABLE_OBJC_WEAK = YES;
				CLANG_WARN_BLOCK_CAPTURE_AUTORELEASING = YES;
				CLANG_WARN_BOOL_CONVERSION = YES;
				CLANG_WARN_COMMA = YES;
				CLANG_WARN_CONSTANT_CONVERSION = YES;
				CLANG_WARN_DEPRECATED_OBJC_IMPLEMENTATIONS = YES;
				CLANG_WARN_DIRECT_OBJC_ISA_USAGE = YES_ERROR;
				CLANG_WARN_DOCUMENTATION_COMMENTS = YES;
				CLANG_WARN_EMPTY_BODY = YES;
				CLANG_WARN_ENUM_CONVERSION = YES;
				CLANG_WARN_INFINITE_RECURSION = YES;
				CLANG_WARN_INT_CONVERSION = YES;
				CLANG_WARN_NON_LITERAL_NULL_CONVERSION = YES;
				CLANG_WARN_OBJC_IMPLICIT_RETAIN_SELF = YES;
				CLANG_WARN_OBJC_LITERAL_CONVERSION = YES;
				CLANG_WARN_OBJC_ROOT_CLASS = YES_ERROR;
				CLANG_WARN_RANGE_LOOP_ANALYSIS = YES;
				CLANG_WARN_STRICT_PROTOTYPES = YES;
				CLANG_WARN_SUSPICIOUS_MOVE = YES;
				CLANG_WARN_UNGUARDED_AVAILABILITY = YES_AGGRESSIVE;
				CLANG_WARN_UNREACHABLE_CODE = YES;
				CLANG_WARN__DUPLICATE_METHOD_MATCH = YES;
				COPY_PHASE_STRIP = NO;
				DEBUG_INFORMATION_FORMAT = dwarf;
				ENABLE_STRICT_OBJC_MSGSEND = YES;
				ENABLE_TESTABILITY = YES;
				GCC_C_LANGUAGE_STANDARD = gnu11;
				GCC_DYNAMIC_NO_PIC = NO;
				GCC_NO_COMMON_BLOCKS = YES;
				GCC_OPTIMIZATION_LEVEL = 0;
				GCC_PREPROCESSOR_DEFINITIONS = (
					"DEBUG=1",
					"$(inherited)",
				);
				GCC_WARN_64_TO_32_BIT_CONVERSION = YES;
				GCC_WARN_ABOUT_RETURN_TYPE = YES_ERROR;
				GCC_WARN_UNDECLARED_SELECTOR = YES;
				GCC_WARN_UNINITIALIZED_AUTOS = YES_AGGRESSIVE;
				GCC_WARN_UNUSED_FUNCTION = YES;
				GCC_WARN_UNUSED_VARIABLE = YES;
				IPHONEOS_DEPLOYMENT_TARGET = 13.1;
				MTL_ENABLE_DEBUG_INFO = INCLUDE_SOURCE;
				MTL_FAST_MATH = YES;
				ONLY_ACTIVE_ARCH = YES;
				SDKROOT = iphoneos;
				SWIFT_ACTIVE_COMPILATION_CONDITIONS = DEBUG;
				SWIFT_OPTIMIZATION_LEVEL = "-Onone";
			};
			name = Debug;
		};
		D9414B4B2597AC22003F2EDD /* Release */ = {
			isa = XCBuildConfiguration;
			buildSettings = {
				ALWAYS_SEARCH_USER_PATHS = NO;
				CLANG_ANALYZER_NONNULL = YES;
				CLANG_ANALYZER_NUMBER_OBJECT_CONVERSION = YES_AGGRESSIVE;
				CLANG_CXX_LANGUAGE_STANDARD = "gnu++14";
				CLANG_CXX_LIBRARY = "libc++";
				CLANG_ENABLE_MODULES = YES;
				CLANG_ENABLE_OBJC_ARC = YES;
				CLANG_ENABLE_OBJC_WEAK = YES;
				CLANG_WARN_BLOCK_CAPTURE_AUTORELEASING = YES;
				CLANG_WARN_BOOL_CONVERSION = YES;
				CLANG_WARN_COMMA = YES;
				CLANG_WARN_CONSTANT_CONVERSION = YES;
				CLANG_WARN_DEPRECATED_OBJC_IMPLEMENTATIONS = YES;
				CLANG_WARN_DIRECT_OBJC_ISA_USAGE = YES_ERROR;
				CLANG_WARN_DOCUMENTATION_COMMENTS = YES;
				CLANG_WARN_EMPTY_BODY = YES;
				CLANG_WARN_ENUM_CONVERSION = YES;
				CLANG_WARN_INFINITE_RECURSION = YES;
				CLANG_WARN_INT_CONVERSION = YES;
				CLANG_WARN_NON_LITERAL_NULL_CONVERSION = YES;
				CLANG_WARN_OBJC_IMPLICIT_RETAIN_SELF = YES;
				CLANG_WARN_OBJC_LITERAL_CONVERSION = YES;
				CLANG_WARN_OBJC_ROOT_CLASS = YES_ERROR;
				CLANG_WARN_RANGE_LOOP_ANALYSIS = YES;
				CLANG_WARN_STRICT_PROTOTYPES = YES;
				CLANG_WARN_SUSPICIOUS_MOVE = YES;
				CLANG_WARN_UNGUARDED_AVAILABILITY = YES_AGGRESSIVE;
				CLANG_WARN_UNREACHABLE_CODE = YES;
				CLANG_WARN__DUPLICATE_METHOD_MATCH = YES;
				COPY_PHASE_STRIP = NO;
				DEBUG_INFORMATION_FORMAT = "dwarf-with-dsym";
				ENABLE_NS_ASSERTIONS = NO;
				ENABLE_STRICT_OBJC_MSGSEND = YES;
				GCC_C_LANGUAGE_STANDARD = gnu11;
				GCC_NO_COMMON_BLOCKS = YES;
				GCC_WARN_64_TO_32_BIT_CONVERSION = YES;
				GCC_WARN_ABOUT_RETURN_TYPE = YES_ERROR;
				GCC_WARN_UNDECLARED_SELECTOR = YES;
				GCC_WARN_UNINITIALIZED_AUTOS = YES_AGGRESSIVE;
				GCC_WARN_UNUSED_FUNCTION = YES;
				GCC_WARN_UNUSED_VARIABLE = YES;
				IPHONEOS_DEPLOYMENT_TARGET = 13.1;
				MTL_ENABLE_DEBUG_INFO = NO;
				MTL_FAST_MATH = YES;
				SDKROOT = iphoneos;
				SWIFT_COMPILATION_MODE = wholemodule;
				SWIFT_OPTIMIZATION_LEVEL = "-O";
				VALIDATE_PRODUCT = YES;
			};
			name = Release;
		};
		D9414B4D2597AC22003F2EDD /* Debug */ = {
			isa = XCBuildConfiguration;
			baseConfigurationReference = A613486ED50B8E262FD23661 /* Pods-SQLite Demo.debug.xcconfig */;
			buildSettings = {
				ASSETCATALOG_COMPILER_APPICON_NAME = AppIcon;
				CODE_SIGN_STYLE = Automatic;
				INFOPLIST_FILE = "SQLite Demo/Info.plist";
				LD_RUNPATH_SEARCH_PATHS = (
					"$(inherited)",
					"@executable_path/Frameworks",
				);
				PRODUCT_BUNDLE_IDENTIFIER = "com.Refa3y.SQLite-Demo";
				PRODUCT_NAME = "$(TARGET_NAME)";
				SWIFT_VERSION = 5.0;
				TARGETED_DEVICE_FAMILY = "1,2";
			};
			name = Debug;
		};
		D9414B4E2597AC22003F2EDD /* Release */ = {
			isa = XCBuildConfiguration;
			baseConfigurationReference = 0B52F0CED2F63028517C31AC /* Pods-SQLite Demo.release.xcconfig */;
			buildSettings = {
				ASSETCATALOG_COMPILER_APPICON_NAME = AppIcon;
				CODE_SIGN_STYLE = Automatic;
				INFOPLIST_FILE = "SQLite Demo/Info.plist";
				LD_RUNPATH_SEARCH_PATHS = (
					"$(inherited)",
					"@executable_path/Frameworks",
				);
				PRODUCT_BUNDLE_IDENTIFIER = "com.Refa3y.SQLite-Demo";
				PRODUCT_NAME = "$(TARGET_NAME)";
				SWIFT_VERSION = 5.0;
				TARGETED_DEVICE_FAMILY = "1,2";
			};
			name = Release;
		};
/* End XCBuildConfiguration section */

/* Begin XCConfigurationList section */
		D9414B332597AC1D003F2EDD /* Build configuration list for PBXProject "SQLite Demo" */ = {
			isa = XCConfigurationList;
			buildConfigurations = (
				D9414B4A2597AC22003F2EDD /* Debug */,
				D9414B4B2597AC22003F2EDD /* Release */,
			);
			defaultConfigurationIsVisible = 0;
			defaultConfigurationName = Release;
		};
		D9414B4C2597AC22003F2EDD /* Build configuration list for PBXNativeTarget "SQLite Demo" */ = {
			isa = XCConfigurationList;
			buildConfigurations = (
				D9414B4D2597AC22003F2EDD /* Debug */,
				D9414B4E2597AC22003F2EDD /* Release */,
			);
			defaultConfigurationIsVisible = 0;
			defaultConfigurationName = Release;
		};
/* End XCConfigurationList section */
	};
	rootObject = D9414B302597AC1D003F2EDD /* Project object */;
}
